// !$*UTF8*$!
{
	archiveVersion = 1;
	classes = {
	};
	objectVersion = 56;
	objects = {

/* Begin PBXBuildFile section */
		D75663912CFB6FF5004EE409 /* AppDelegate.swift in Sources */ = {isa = PBXBuildFile; fileRef = D75663902CFB6FF5004EE409 /* AppDelegate.swift */; };
		D75663932CFB6FF5004EE409 /* SceneDelegate.swift in Sources */ = {isa = PBXBuildFile; fileRef = D75663922CFB6FF5004EE409 /* SceneDelegate.swift */; };
		D75663952CFB6FF5004EE409 /* ViewController.swift in Sources */ = {isa = PBXBuildFile; fileRef = D75663942CFB6FF5004EE409 /* ViewController.swift */; };
		D756639A2CFB6FF7004EE409 /* Assets.xcassets in Resources */ = {isa = PBXBuildFile; fileRef = D75663992CFB6FF7004EE409 /* Assets.xcassets */; };
		D756639D2CFB6FF7004EE409 /* Base in Resources */ = {isa = PBXBuildFile; fileRef = D756639C2CFB6FF7004EE409 /* Base */; };
		D75663AE2CFB7278004EE409 /* Repository.swift in Sources */ = {isa = PBXBuildFile; fileRef = D75663AD2CFB7278004EE409 /* Repository.swift */; };
		D75663B02CFB7281004EE409 /* Owner.swift in Sources */ = {isa = PBXBuildFile; fileRef = D75663AF2CFB7281004EE409 /* Owner.swift */; };
/* End PBXBuildFile section */

/* Begin PBXFileReference section */
		D756638D2CFB6FF5004EE409 /* TaskForVK1.app */ = {isa = PBXFileReference; explicitFileType = wrapper.application; includeInIndex = 0; path = TaskForVK1.app; sourceTree = BUILT_PRODUCTS_DIR; };
		D75663902CFB6FF5004EE409 /* AppDelegate.swift */ = {isa = PBXFileReference; lastKnownFileType = sourcecode.swift; path = AppDelegate.swift; sourceTree = "<group>"; };
		D75663922CFB6FF5004EE409 /* SceneDelegate.swift */ = {isa = PBXFileReference; lastKnownFileType = sourcecode.swift; path = SceneDelegate.swift; sourceTree = "<group>"; };
		D75663942CFB6FF5004EE409 /* ViewController.swift */ = {isa = PBXFileReference; lastKnownFileType = sourcecode.swift; path = ViewController.swift; sourceTree = "<group>"; };
		D75663992CFB6FF7004EE409 /* Assets.xcassets */ = {isa = PBXFileReference; lastKnownFileType = folder.assetcatalog; path = Assets.xcassets; sourceTree = "<group>"; };
		D756639C2CFB6FF7004EE409 /* Base */ = {isa = PBXFileReference; lastKnownFileType = file.storyboard; name = Base; path = Base.lproj/LaunchScreen.storyboard; sourceTree = "<group>"; };
		D756639E2CFB6FF7004EE409 /* Info.plist */ = {isa = PBXFileReference; lastKnownFileType = text.plist.xml; path = Info.plist; sourceTree = "<group>"; };
		D75663AD2CFB7278004EE409 /* Repository.swift */ = {isa = PBXFileReference; lastKnownFileType = sourcecode.swift; path = Repository.swift; sourceTree = "<group>"; };
		D75663AF2CFB7281004EE409 /* Owner.swift */ = {isa = PBXFileReference; lastKnownFileType = sourcecode.swift; path = Owner.swift; sourceTree = "<group>"; };
/* End PBXFileReference section */

/* Begin PBXFrameworksBuildPhase section */
		D756638A2CFB6FF5004EE409 /* Frameworks */ = {
			isa = PBXFrameworksBuildPhase;
			buildActionMask = 2147483647;
			files = (
			);
			runOnlyForDeploymentPostprocessing = 0;
		};
/* End PBXFrameworksBuildPhase section */

/* Begin PBXGroup section */
		D75663842CFB6FF5004EE409 = {
			isa = PBXGroup;
			children = (
				D756638F2CFB6FF5004EE409 /* TaskForVK1 */,
				D756638E2CFB6FF5004EE409 /* Products */,
			);
			sourceTree = "<group>";
		};
		D756638E2CFB6FF5004EE409 /* Products */ = {
			isa = PBXGroup;
			children = (
				D756638D2CFB6FF5004EE409 /* TaskForVK1.app */,
			);
			name = Products;
			sourceTree = "<group>";
		};
		D756638F2CFB6FF5004EE409 /* TaskForVK1 */ = {
			isa = PBXGroup;
			children = (
				D75663A62CFB7111004EE409 /* App */,
				D75663A72CFB71ED004EE409 /* Services */,
				D75663A82CFB71F5004EE409 /* Models */,
				D75663A92CFB71FD004EE409 /* Views */,
				D75663AA2CFB720D004EE409 /* ViewModels */,
				D75663AB2CFB7215004EE409 /* Utilities */,
				D75663AC2CFB721F004EE409 /* Tests */,
				D75663942CFB6FF5004EE409 /* ViewController.swift */,
				D75663992CFB6FF7004EE409 /* Assets.xcassets */,
				D756639B2CFB6FF7004EE409 /* LaunchScreen.storyboard */,
				D756639E2CFB6FF7004EE409 /* Info.plist */,
			);
			path = TaskForVK1;
			sourceTree = "<group>";
		};
		D75663A62CFB7111004EE409 /* App */ = {
			isa = PBXGroup;
			children = (
				D75663902CFB6FF5004EE409 /* AppDelegate.swift */,
				D75663922CFB6FF5004EE409 /* SceneDelegate.swift */,
			);
			path = App;
			sourceTree = "<group>";
		};
		D75663A72CFB71ED004EE409 /* Services */ = {
			isa = PBXGroup;
			children = (
			);
			path = Services;
			sourceTree = "<group>";
		};
		D75663A82CFB71F5004EE409 /* Models */ = {
			isa = PBXGroup;
			children = (
				D75663AD2CFB7278004EE409 /* Repository.swift */,
				D75663AF2CFB7281004EE409 /* Owner.swift */,
			);
			path = Models;
			sourceTree = "<group>";
		};
		D75663A92CFB71FD004EE409 /* Views */ = {
			isa = PBXGroup;
			children = (
			);
			path = Views;
			sourceTree = "<group>";
		};
		D75663AA2CFB720D004EE409 /* ViewModels */ = {
			isa = PBXGroup;
			children = (
			);
			path = ViewModels;
			sourceTree = "<group>";
		};
		D75663AB2CFB7215004EE409 /* Utilities */ = {
			isa = PBXGroup;
			children = (
			);
			path = Utilities;
			sourceTree = "<group>";
		};
		D75663AC2CFB721F004EE409 /* Tests */ = {
			isa = PBXGroup;
			children = (
			);
			path = Tests;
			sourceTree = "<group>";
		};
/* End PBXGroup section */

/* Begin PBXNativeTarget section */
		D756638C2CFB6FF5004EE409 /* TaskForVK1 */ = {
			isa = PBXNativeTarget;
			buildConfigurationList = D75663A12CFB6FF7004EE409 /* Build configuration list for PBXNativeTarget "TaskForVK1" */;
			buildPhases = (
				D75663892CFB6FF5004EE409 /* Sources */,
				D756638A2CFB6FF5004EE409 /* Frameworks */,
				D756638B2CFB6FF5004EE409 /* Resources */,
			);
			buildRules = (
			);
			dependencies = (
			);
			name = TaskForVK1;
			productName = TaskForVK1;
			productReference = D756638D2CFB6FF5004EE409 /* TaskForVK1.app */;
			productType = "com.apple.product-type.application";
		};
/* End PBXNativeTarget section */

/* Begin PBXProject section */
		D75663852CFB6FF5004EE409 /* Project object */ = {
			isa = PBXProject;
			attributes = {
				BuildIndependentTargetsInParallel = 1;
				LastSwiftUpdateCheck = 1530;
				LastUpgradeCheck = 1530;
				TargetAttributes = {
					D756638C2CFB6FF5004EE409 = {
						CreatedOnToolsVersion = 15.3;
					};
				};
			};
			buildConfigurationList = D75663882CFB6FF5004EE409 /* Build configuration list for PBXProject "TaskForVK1" */;
			compatibilityVersion = "Xcode 14.0";
			developmentRegion = en;
			hasScannedForEncodings = 0;
			knownRegions = (
				en,
				Base,
			);
			mainGroup = D75663842CFB6FF5004EE409;
			productRefGroup = D756638E2CFB6FF5004EE409 /* Products */;
			projectDirPath = "";
			projectRoot = "";
			targets = (
				D756638C2CFB6FF5004EE409 /* TaskForVK1 */,
			);
		};
/* End PBXProject section */

/* Begin PBXResourcesBuildPhase section */
		D756638B2CFB6FF5004EE409 /* Resources */ = {
			isa = PBXResourcesBuildPhase;
			buildActionMask = 2147483647;
			files = (
				D756639A2CFB6FF7004EE409 /* Assets.xcassets in Resources */,
				D756639D2CFB6FF7004EE409 /* Base in Resources */,
			);
			runOnlyForDeploymentPostprocessing = 0;
		};
/* End PBXResourcesBuildPhase section */

/* Begin PBXSourcesBuildPhase section */
		D75663892CFB6FF5004EE409 /* Sources */ = {
			isa = PBXSourcesBuildPhase;
			buildActionMask = 2147483647;
			files = (
				D75663952CFB6FF5004EE409 /* ViewController.swift in Sources */,
				D75663912CFB6FF5004EE409 /* AppDelegate.swift in Sources */,
				D75663932CFB6FF5004EE409 /* SceneDelegate.swift in Sources */,
				D75663B02CFB7281004EE409 /* Owner.swift in Sources */,
				D75663AE2CFB7278004EE409 /* Repository.swift in Sources */,
			);
			runOnlyForDeploymentPostprocessing = 0;
		};
/* End PBXSourcesBuildPhase section */

/* Begin PBXVariantGroup section */
		D756639B2CFB6FF7004EE409 /* LaunchScreen.storyboard */ = {
			isa = PBXVariantGroup;
			children = (
				D756639C2CFB6FF7004EE409 /* Base */,
			);
			name = LaunchScreen.storyboard;
			sourceTree = "<group>";
		};
/* End PBXVariantGroup section */

/* Begin XCBuildConfiguration section */
		D756639F2CFB6FF7004EE409 /* Debug */ = {
			isa = XCBuildConfiguration;
			buildSettings = {
				ALWAYS_SEARCH_USER_PATHS = NO;
				ASSETCATALOG_COMPILER_GENERATE_SWIFT_ASSET_SYMBOL_EXTENSIONS = YES;
				CLANG_ANALYZER_NONNULL = YES;
				CLANG_ANALYZER_NUMBER_OBJECT_CONVERSION = YES_AGGRESSIVE;
				CLANG_CXX_LANGUAGE_STANDARD = "gnu++20";
				CLANG_ENABLE_MODULES = YES;
				CLANG_ENABLE_OBJC_ARC = YES;
				CLANG_ENABLE_OBJC_WEAK = YES;
				CLANG_WARN_BLOCK_CAPTURE_AUTORELEASING = YES;
				CLANG_WARN_BOOL_CONVERSION = YES;
				CLANG_WARN_COMMA = YES;
				CLANG_WARN_CONSTANT_CONVERSION = YES;
				CLANG_WARN_DEPRECATED_OBJC_IMPLEMENTATIONS = YES;
				CLANG_WARN_DIRECT_OBJC_ISA_USAGE = YES_ERROR;
				CLANG_WARN_DOCUMENTATION_COMMENTS = YES;
				CLANG_WARN_EMPTY_BODY = YES;
				CLANG_WARN_ENUM_CONVERSION = YES;
				CLANG_WARN_INFINITE_RECURSION = YES;
				CLANG_WARN_INT_CONVERSION = YES;
				CLANG_WARN_NON_LITERAL_NULL_CONVERSION = YES;
				CLANG_WARN_OBJC_IMPLICIT_RETAIN_SELF = YES;
				CLANG_WARN_OBJC_LITERAL_CONVERSION = YES;
				CLANG_WARN_OBJC_ROOT_CLASS = YES_ERROR;
				CLANG_WARN_QUOTED_INCLUDE_IN_FRAMEWORK_HEADER = YES;
				CLANG_WARN_RANGE_LOOP_ANALYSIS = YES;
				CLANG_WARN_STRICT_PROTOTYPES = YES;
				CLANG_WARN_SUSPICIOUS_MOVE = YES;
				CLANG_WARN_UNGUARDED_AVAILABILITY = YES_AGGRESSIVE;
				CLANG_WARN_UNREACHABLE_CODE = YES;
				CLANG_WARN__DUPLICATE_METHOD_MATCH = YES;
				COPY_PHASE_STRIP = NO;
				DEBUG_INFORMATION_FORMAT = dwarf;
				ENABLE_STRICT_OBJC_MSGSEND = YES;
				ENABLE_TESTABILITY = YES;
				ENABLE_USER_SCRIPT_SANDBOXING = YES;
				GCC_C_LANGUAGE_STANDARD = gnu17;
				GCC_DYNAMIC_NO_PIC = NO;
				GCC_NO_COMMON_BLOCKS = YES;
				GCC_OPTIMIZATION_LEVEL = 0;
				GCC_PREPROCESSOR_DEFINITIONS = (
					"DEBUG=1",
					"$(inherited)",
				);
				GCC_WARN_64_TO_32_BIT_CONVERSION = YES;
				GCC_WARN_ABOUT_RETURN_TYPE = YES_ERROR;
				GCC_WARN_UNDECLARED_SELECTOR = YES;
				GCC_WARN_UNINITIALIZED_AUTOS = YES_AGGRESSIVE;
				GCC_WARN_UNUSED_FUNCTION = YES;
				GCC_WARN_UNUSED_VARIABLE = YES;
				IPHONEOS_DEPLOYMENT_TARGET = 17.4;
				LOCALIZATION_PREFERS_STRING_CATALOGS = YES;
				MTL_ENABLE_DEBUG_INFO = INCLUDE_SOURCE;
				MTL_FAST_MATH = YES;
				ONLY_ACTIVE_ARCH = YES;
				SDKROOT = iphoneos;
				SWIFT_ACTIVE_COMPILATION_CONDITIONS = "DEBUG $(inherited)";
				SWIFT_OPTIMIZATION_LEVEL = "-Onone";
			};
			name = Debug;
		};
		D75663A02CFB6FF7004EE409 /* Release */ = {
			isa = XCBuildConfiguration;
			buildSettings = {
				ALWAYS_SEARCH_USER_PATHS = NO;
				ASSETCATALOG_COMPILER_GENERATE_SWIFT_ASSET_SYMBOL_EXTENSIONS = YES;
				CLANG_ANALYZER_NONNULL = YES;
				CLANG_ANALYZER_NUMBER_OBJECT_CONVERSION = YES_AGGRESSIVE;
				CLANG_CXX_LANGUAGE_STANDARD = "gnu++20";
				CLANG_ENABLE_MODULES = YES;
				CLANG_ENABLE_OBJC_ARC = YES;
				CLANG_ENABLE_OBJC_WEAK = YES;
				CLANG_WARN_BLOCK_CAPTURE_AUTORELEASING = YES;
				CLANG_WARN_BOOL_CONVERSION = YES;
				CLANG_WARN_COMMA = YES;
				CLANG_WARN_CONSTANT_CONVERSION = YES;
				CLANG_WARN_DEPRECATED_OBJC_IMPLEMENTATIONS = YES;
				CLANG_WARN_DIRECT_OBJC_ISA_USAGE = YES_ERROR;
				CLANG_WARN_DOCUMENTATION_COMMENTS = YES;
				CLANG_WARN_EMPTY_BODY = YES;
				CLANG_WARN_ENUM_CONVERSION = YES;
				CLANG_WARN_INFINITE_RECURSION = YES;
				CLANG_WARN_INT_CONVERSION = YES;
				CLANG_WARN_NON_LITERAL_NULL_CONVERSION = YES;
				CLANG_WARN_OBJC_IMPLICIT_RETAIN_SELF = YES;
				CLANG_WARN_OBJC_LITERAL_CONVERSION = YES;
				CLANG_WARN_OBJC_ROOT_CLASS = YES_ERROR;
				CLANG_WARN_QUOTED_INCLUDE_IN_FRAMEWORK_HEADER = YES;
				CLANG_WARN_RANGE_LOOP_ANALYSIS = YES;
				CLANG_WARN_STRICT_PROTOTYPES = YES;
				CLANG_WARN_SUSPICIOUS_MOVE = YES;
				CLANG_WARN_UNGUARDED_AVAILABILITY = YES_AGGRESSIVE;
				CLANG_WARN_UNREACHABLE_CODE = YES;
				CLANG_WARN__DUPLICATE_METHOD_MATCH = YES;
				COPY_PHASE_STRIP = NO;
				DEBUG_INFORMATION_FORMAT = "dwarf-with-dsym";
				ENABLE_NS_ASSERTIONS = NO;
				ENABLE_STRICT_OBJC_MSGSEND = YES;
				ENABLE_USER_SCRIPT_SANDBOXING = YES;
				GCC_C_LANGUAGE_STANDARD = gnu17;
				GCC_NO_COMMON_BLOCKS = YES;
				GCC_WARN_64_TO_32_BIT_CONVERSION = YES;
				GCC_WARN_ABOUT_RETURN_TYPE = YES_ERROR;
				GCC_WARN_UNDECLARED_SELECTOR = YES;
				GCC_WARN_UNINITIALIZED_AUTOS = YES_AGGRESSIVE;
				GCC_WARN_UNUSED_FUNCTION = YES;
				GCC_WARN_UNUSED_VARIABLE = YES;
				IPHONEOS_DEPLOYMENT_TARGET = 17.4;
				LOCALIZATION_PREFERS_STRING_CATALOGS = YES;
				MTL_ENABLE_DEBUG_INFO = NO;
				MTL_FAST_MATH = YES;
				SDKROOT = iphoneos;
				SWIFT_COMPILATION_MODE = wholemodule;
				VALIDATE_PRODUCT = YES;
			};
			name = Release;
		};
		D75663A22CFB6FF7004EE409 /* Debug */ = {
			isa = XCBuildConfiguration;
			buildSettings = {
				ASSETCATALOG_COMPILER_APPICON_NAME = AppIcon;
				ASSETCATALOG_COMPILER_GLOBAL_ACCENT_COLOR_NAME = AccentColor;
				CODE_SIGN_STYLE = Automatic;
				CURRENT_PROJECT_VERSION = 1;
				DEVELOPMENT_TEAM = HDQUFL254V;
				GENERATE_INFOPLIST_FILE = YES;
				INFOPLIST_FILE = TaskForVK1/Info.plist;
				INFOPLIST_KEY_UIApplicationSupportsIndirectInputEvents = YES;
				INFOPLIST_KEY_UILaunchStoryboardName = LaunchScreen;
				INFOPLIST_KEY_UISupportedInterfaceOrientations_iPad = "UIInterfaceOrientationPortrait UIInterfaceOrientationPortraitUpsideDown UIInterfaceOrientationLandscapeLeft UIInterfaceOrientationLandscapeRight";
				INFOPLIST_KEY_UISupportedInterfaceOrientations_iPhone = "UIInterfaceOrientationPortrait UIInterfaceOrientationLandscapeLeft UIInterfaceOrientationLandscapeRight";
				LD_RUNPATH_SEARCH_PATHS = (
					"$(inherited)",
					"@executable_path/Frameworks",
				);
				MARKETING_VERSION = 1.0;
				PRODUCT_BUNDLE_IDENTIFIER = my.com.TaskForVK1;
				PRODUCT_NAME = "$(TARGET_NAME)";
				SWIFT_EMIT_LOC_STRINGS = YES;
				SWIFT_VERSION = 5.0;
				TARGETED_DEVICE_FAMILY = "1,2";
			};
			name = Debug;
		};
		D75663A32CFB6FF7004EE409 /* Release */ = {
			isa = XCBuildConfiguration;
			buildSettings = {
				ASSETCATALOG_COMPILER_APPICON_NAME = AppIcon;
				ASSETCATALOG_COMPILER_GLOBAL_ACCENT_COLOR_NAME = AccentColor;
				CODE_SIGN_STYLE = Automatic;
				CURRENT_PROJECT_VERSION = 1;
				DEVELOPMENT_TEAM = HDQUFL254V;
				GENERATE_INFOPLIST_FILE = YES;
				INFOPLIST_FILE = TaskForVK1/Info.plist;
				INFOPLIST_KEY_UIApplicationSupportsIndirectInputEvents = YES;
				INFOPLIST_KEY_UILaunchStoryboardName = LaunchScreen;
				INFOPLIST_KEY_UISupportedInterfaceOrientations_iPad = "UIInterfaceOrientationPortrait UIInterfaceOrientationPortraitUpsideDown UIInterfaceOrientationLandscapeLeft UIInterfaceOrientationLandscapeRight";
				INFOPLIST_KEY_UISupportedInterfaceOrientations_iPhone = "UIInterfaceOrientationPortrait UIInterfaceOrientationLandscapeLeft UIInterfaceOrientationLandscapeRight";
				LD_RUNPATH_SEARCH_PATHS = (
					"$(inherited)",
					"@executable_path/Frameworks",
				);
				MARKETING_VERSION = 1.0;
				PRODUCT_BUNDLE_IDENTIFIER = my.com.TaskForVK1;
				PRODUCT_NAME = "$(TARGET_NAME)";
				SWIFT_EMIT_LOC_STRINGS = YES;
				SWIFT_VERSION = 5.0;
				TARGETED_DEVICE_FAMILY = "1,2";
			};
			name = Release;
		};
/* End XCBuildConfiguration section */

/* Begin XCConfigurationList section */
		D75663882CFB6FF5004EE409 /* Build configuration list for PBXProject "TaskForVK1" */ = {
			isa = XCConfigurationList;
			buildConfigurations = (
				D756639F2CFB6FF7004EE409 /* Debug */,
				D75663A02CFB6FF7004EE409 /* Release */,
			);
			defaultConfigurationIsVisible = 0;
			defaultConfigurationName = Release;
		};
		D75663A12CFB6FF7004EE409 /* Build configuration list for PBXNativeTarget "TaskForVK1" */ = {
			isa = XCConfigurationList;
			buildConfigurations = (
				D75663A22CFB6FF7004EE409 /* Debug */,
				D75663A32CFB6FF7004EE409 /* Release */,
			);
			defaultConfigurationIsVisible = 0;
			defaultConfigurationName = Release;
		};
/* End XCConfigurationList section */
	};
	rootObject = D75663852CFB6FF5004EE409 /* Project object */;
}
